
Microsoft Visual Studio Solution File, Format Version 12.00
# Visual Studio Version 17
VisualStudioVersion = 17.1.32421.90
MinimumVisualStudioVersion = 10.0.40219.1
Project("{9A19103F-16F7-4668-BE54-9A1E7A4F7556}") = "KTechTemplate", "KTechTemplate\KTechTemplate.csproj", "{FBFD69CE-2A88-4A8E-BA08-2A1A5E311F7D}"
EndProject
Project("{9A19103F-16F7-4668-BE54-9A1E7A4F7556}") = "KTechTemplateDAL", "KTechTemplateDAL\KTechTemplateDAL.csproj", "{3D2CE6BB-34B3-4E35-B3E3-3C7650ACBED5}"
EndProject
Global
	GlobalSection(SolutionConfigurationPlatforms) = preSolution
		Debug|Any CPU = Debug|Any CPU
		Release|Any CPU = Release|Any CPU
	EndGlobalSection
	GlobalSection(ProjectConfigurationPlatforms) = postSolution
		{FBFD69CE-2A88-4A8E-BA08-2A1A5E311F7D}.Debug|Any CPU.ActiveCfg = Debug|Any CPU
		{FBFD69CE-2A88-4A8E-BA08-2A1A5E311F7D}.Debug|Any CPU.Build.0 = Debug|Any CPU
		{FBFD69CE-2A88-4A8E-BA08-2A1A5E311F7D}.Release|Any CPU.ActiveCfg = Release|Any CPU
		{FBFD69CE-2A88-4A8E-BA08-2A1A5E311F7D}.Release|Any CPU.Build.0 = Release|Any CPU
		{3D2CE6BB-34B3-4E35-B3E3-3C7650ACBED5}.Debug|Any CPU.ActiveCfg = Debug|Any CPU
		{3D2CE6BB-34B3-4E35-B3E3-3C7650ACBED5}.Debug|Any CPU.Build.0 = Debug|Any CPU
		{3D2CE6BB-34B3-4E35-B3E3-3C7650ACBED5}.Release|Any CPU.ActiveCfg = Release|Any CPU
		{3D2CE6BB-34B3-4E35-B3E3-3C7650ACBED5}.Release|Any CPU.Build.0 = Release|Any CPU
	EndGlobalSection
	GlobalSection(SolutionProperties) = preSolution
		HideSolutionNode = FALSE
	EndGlobalSection
	GlobalSection(ExtensibilityGlobals) = postSolution
		SolutionGuid = {7E10EEDF-97E9-4F00-BA7F-0A54AA37D57F}
	EndGlobalSection
EndGlobal
